// !$*UTF8*$!
{
	archiveVersion = 1;
	classes = {
	};
	objectVersion = 51;
	objects = {

/* Begin PBXBuildFile section */
		1F908EFD23686C860006653A /* Colors.xcassets in Resources */ = {isa = PBXBuildFile; fileRef = 1F908EFC23686C860006653A /* Colors.xcassets */; };
		1FF5F23C2369C7F600624A33 /* OnboardController.swift in Sources */ = {isa = PBXBuildFile; fileRef = 1FF5F23B2369C7F600624A33 /* OnboardController.swift */; };
		1FF5F23E2369D39F00624A33 /* OnboardCell.swift in Sources */ = {isa = PBXBuildFile; fileRef = 1FF5F23D2369D39F00624A33 /* OnboardCell.swift */; };
		2A88686FF8061E5A18AEA62B /* Pods_totem_totemUITests.framework in Frameworks */ = {isa = PBXBuildFile; fileRef = 51D31FA5E68DB31C6F2CAC28 /* Pods_totem_totemUITests.framework */; };
		3989F9822367291C00F3C070 /* GoogleService-Info.plist in Resources */ = {isa = PBXBuildFile; fileRef = 3989F9812367291C00F3C070 /* GoogleService-Info.plist */; };
		78355AC43B5F000870EAFA39 /* Pods_totemTests.framework in Frameworks */ = {isa = PBXBuildFile; fileRef = C084831F8043CA45908100D4 /* Pods_totemTests.framework */; };
		7F5360CA12A38481DC31E451 /* Pods_totem.framework in Frameworks */ = {isa = PBXBuildFile; fileRef = 29E8C8D14B8DFE638EF316FE /* Pods_totem.framework */; };
		CD27435B237700BC00B2D25B /* MensagemDomain.swift in Sources */ = {isa = PBXBuildFile; fileRef = CD27435A237700BC00B2D25B /* MensagemDomain.swift */; };
		CD548AD6237459CA00CD63F2 /* ContatoDomain.swift in Sources */ = {isa = PBXBuildFile; fileRef = CD548AD5237459CA00CD63F2 /* ContatoDomain.swift */; };
		CD8132782365F63100C05F77 /* OnBoard.storyboard in Resources */ = {isa = PBXBuildFile; fileRef = CD8132772365F63100C05F77 /* OnBoard.storyboard */; };
		CD81327A23672A4D00C05F77 /* DAOFirebase.swift in Sources */ = {isa = PBXBuildFile; fileRef = CD81327923672A4D00C05F77 /* DAOFirebase.swift */; };
		CD922C2A2371A15C001A52D1 /* Utils.swift in Sources */ = {isa = PBXBuildFile; fileRef = CD922C292371A15C001A52D1 /* Utils.swift */; };
		CD922C2C2371A24C001A52D1 /* Contatos.storyboard in Resources */ = {isa = PBXBuildFile; fileRef = CD922C2B2371A24C001A52D1 /* Contatos.storyboard */; };
		CD922C2E2371A2F4001A52D1 /* ContatosViewController.swift in Sources */ = {isa = PBXBuildFile; fileRef = CD922C2D2371A2F4001A52D1 /* ContatosViewController.swift */; };
		CD922C302371A346001A52D1 /* BottomSheetViewController.swift in Sources */ = {isa = PBXBuildFile; fileRef = CD922C2F2371A346001A52D1 /* BottomSheetViewController.swift */; };
		CD99236F2361EA6600D31E0E /* AppDelegate.swift in Sources */ = {isa = PBXBuildFile; fileRef = CD99236E2361EA6600D31E0E /* AppDelegate.swift */; };
		CD9923712361EA6600D31E0E /* SceneDelegate.swift in Sources */ = {isa = PBXBuildFile; fileRef = CD9923702361EA6600D31E0E /* SceneDelegate.swift */; };
		CD9923732361EA6600D31E0E /* ViewController.swift in Sources */ = {isa = PBXBuildFile; fileRef = CD9923722361EA6600D31E0E /* ViewController.swift */; };
		CD9923762361EA6600D31E0E /* Main.storyboard in Resources */ = {isa = PBXBuildFile; fileRef = CD9923742361EA6600D31E0E /* Main.storyboard */; };
		CD9923792361EA6600D31E0E /* totem.xcdatamodeld in Sources */ = {isa = PBXBuildFile; fileRef = CD9923772361EA6600D31E0E /* totem.xcdatamodeld */; };
		CD99237B2361EA6900D31E0E /* Assets.xcassets in Resources */ = {isa = PBXBuildFile; fileRef = CD99237A2361EA6900D31E0E /* Assets.xcassets */; };
		CD99237E2361EA6900D31E0E /* LaunchScreen.storyboard in Resources */ = {isa = PBXBuildFile; fileRef = CD99237C2361EA6900D31E0E /* LaunchScreen.storyboard */; };
		CD9923892361EA6900D31E0E /* totemTests.swift in Sources */ = {isa = PBXBuildFile; fileRef = CD9923882361EA6900D31E0E /* totemTests.swift */; };
		CD9923942361EA6900D31E0E /* totemUITests.swift in Sources */ = {isa = PBXBuildFile; fileRef = CD9923932361EA6900D31E0E /* totemUITests.swift */; };
		CD9FDC592363218E00DD16C1 /* Mensagem.swift in Sources */ = {isa = PBXBuildFile; fileRef = CD9FDC542363218E00DD16C1 /* Mensagem.swift */; };
		CD9FDC5B2363218E00DD16C1 /* Usuario.swift in Sources */ = {isa = PBXBuildFile; fileRef = CD9FDC562363218E00DD16C1 /* Usuario.swift */; };
		CD9FDC5C2363218E00DD16C1 /* Model.swift in Sources */ = {isa = PBXBuildFile; fileRef = CD9FDC572363218E00DD16C1 /* Model.swift */; };
		CD9FDC5D2363218E00DD16C1 /* Totem.swift in Sources */ = {isa = PBXBuildFile; fileRef = CD9FDC582363218E00DD16C1 /* Totem.swift */; };
		CDE5BA862365E72100EC5D73 /* GravarViewController.swift in Sources */ = {isa = PBXBuildFile; fileRef = CDE5BA852365E72100EC5D73 /* GravarViewController.swift */; };
/* End PBXBuildFile section */

/* Begin PBXContainerItemProxy section */
		CD9923852361EA6900D31E0E /* PBXContainerItemProxy */ = {
			isa = PBXContainerItemProxy;
			containerPortal = CD9923632361EA6600D31E0E /* Project object */;
			proxyType = 1;
			remoteGlobalIDString = CD99236A2361EA6600D31E0E;
			remoteInfo = totem;
		};
		CD9923902361EA6900D31E0E /* PBXContainerItemProxy */ = {
			isa = PBXContainerItemProxy;
			containerPortal = CD9923632361EA6600D31E0E /* Project object */;
			proxyType = 1;
			remoteGlobalIDString = CD99236A2361EA6600D31E0E;
			remoteInfo = totem;
		};
/* End PBXContainerItemProxy section */

/* Begin PBXFileReference section */
		1F908EFC23686C860006653A /* Colors.xcassets */ = {isa = PBXFileReference; lastKnownFileType = folder.assetcatalog; name = Colors.xcassets; path = Totem/View/Colors.xcassets; sourceTree = SOURCE_ROOT; };
		1FF5F23B2369C7F600624A33 /* OnboardController.swift */ = {isa = PBXFileReference; lastKnownFileType = sourcecode.swift; name = OnboardController.swift; path = Totem/Controller/OnboardController.swift; sourceTree = SOURCE_ROOT; };
		1FF5F23D2369D39F00624A33 /* OnboardCell.swift */ = {isa = PBXFileReference; lastKnownFileType = sourcecode.swift; name = OnboardCell.swift; path = Totem/View/OnboardCell.swift; sourceTree = SOURCE_ROOT; };
		29E8C8D14B8DFE638EF316FE /* Pods_totem.framework */ = {isa = PBXFileReference; explicitFileType = wrapper.framework; includeInIndex = 0; path = Pods_totem.framework; sourceTree = BUILT_PRODUCTS_DIR; };
		3989F9812367291C00F3C070 /* GoogleService-Info.plist */ = {isa = PBXFileReference; lastKnownFileType = text.plist; name = "GoogleService-Info.plist"; path = "Totem/GoogleService-Info.plist"; sourceTree = SOURCE_ROOT; };
		51D31FA5E68DB31C6F2CAC28 /* Pods_totem_totemUITests.framework */ = {isa = PBXFileReference; explicitFileType = wrapper.framework; includeInIndex = 0; path = Pods_totem_totemUITests.framework; sourceTree = BUILT_PRODUCTS_DIR; };
		6496FF24D3D7E57DE2B80836 /* Pods-totemTests.debug.xcconfig */ = {isa = PBXFileReference; includeInIndex = 1; lastKnownFileType = text.xcconfig; name = "Pods-totemTests.debug.xcconfig"; path = "Target Support Files/Pods-totemTests/Pods-totemTests.debug.xcconfig"; sourceTree = "<group>"; };
		6D7135A9C76226CE5B45EFC3 /* Pods-totem.debug.xcconfig */ = {isa = PBXFileReference; includeInIndex = 1; lastKnownFileType = text.xcconfig; name = "Pods-totem.debug.xcconfig"; path = "Target Support Files/Pods-totem/Pods-totem.debug.xcconfig"; sourceTree = "<group>"; };
		7CC54214A8AFFB4EBF7CC6B2 /* Pods-totemTests.release.xcconfig */ = {isa = PBXFileReference; includeInIndex = 1; lastKnownFileType = text.xcconfig; name = "Pods-totemTests.release.xcconfig"; path = "Target Support Files/Pods-totemTests/Pods-totemTests.release.xcconfig"; sourceTree = "<group>"; };
		85F7A7990E55E9019EA09BA7 /* Pods-totem-totemUITests.debug.xcconfig */ = {isa = PBXFileReference; includeInIndex = 1; lastKnownFileType = text.xcconfig; name = "Pods-totem-totemUITests.debug.xcconfig"; path = "Target Support Files/Pods-totem-totemUITests/Pods-totem-totemUITests.debug.xcconfig"; sourceTree = "<group>"; };
		C084831F8043CA45908100D4 /* Pods_totemTests.framework */ = {isa = PBXFileReference; explicitFileType = wrapper.framework; includeInIndex = 0; path = Pods_totemTests.framework; sourceTree = BUILT_PRODUCTS_DIR; };
		CB54217A0FBAAC9A7AC445CA /* Pods-totem.release.xcconfig */ = {isa = PBXFileReference; includeInIndex = 1; lastKnownFileType = text.xcconfig; name = "Pods-totem.release.xcconfig"; path = "Target Support Files/Pods-totem/Pods-totem.release.xcconfig"; sourceTree = "<group>"; };
		CD27435A237700BC00B2D25B /* MensagemDomain.swift */ = {isa = PBXFileReference; lastKnownFileType = sourcecode.swift; name = MensagemDomain.swift; path = Totem/Model/MensagemDomain.swift; sourceTree = SOURCE_ROOT; };
		CD548AD5237459CA00CD63F2 /* ContatoDomain.swift */ = {isa = PBXFileReference; lastKnownFileType = sourcecode.swift; name = ContatoDomain.swift; path = Totem/Model/ContatoDomain.swift; sourceTree = SOURCE_ROOT; };
		CD8132772365F63100C05F77 /* OnBoard.storyboard */ = {isa = PBXFileReference; lastKnownFileType = file.storyboard; name = OnBoard.storyboard; path = totem/View/OnBoard.storyboard; sourceTree = SOURCE_ROOT; };
		CD81327923672A4D00C05F77 /* DAOFirebase.swift */ = {isa = PBXFileReference; lastKnownFileType = sourcecode.swift; name = DAOFirebase.swift; path = Totem/Model/DAOFirebase.swift; sourceTree = SOURCE_ROOT; };
		CD922C292371A15C001A52D1 /* Utils.swift */ = {isa = PBXFileReference; fileEncoding = 4; lastKnownFileType = sourcecode.swift; name = Utils.swift; path = Totem/Model/Utils.swift; sourceTree = SOURCE_ROOT; };
		CD922C2B2371A24C001A52D1 /* Contatos.storyboard */ = {isa = PBXFileReference; fileEncoding = 4; lastKnownFileType = file.storyboard; name = Contatos.storyboard; path = Totem/Contatos.storyboard; sourceTree = SOURCE_ROOT; };
		CD922C2D2371A2F4001A52D1 /* ContatosViewController.swift */ = {isa = PBXFileReference; fileEncoding = 4; lastKnownFileType = sourcecode.swift; name = ContatosViewController.swift; path = Totem/ContatosViewController.swift; sourceTree = SOURCE_ROOT; };
		CD922C2F2371A346001A52D1 /* BottomSheetViewController.swift */ = {isa = PBXFileReference; fileEncoding = 4; lastKnownFileType = sourcecode.swift; name = BottomSheetViewController.swift; path = Totem/BottomSheetViewController.swift; sourceTree = SOURCE_ROOT; };
		CD99236B2361EA6600D31E0E /* Totem.app */ = {isa = PBXFileReference; explicitFileType = wrapper.application; includeInIndex = 0; path = Totem.app; sourceTree = BUILT_PRODUCTS_DIR; };
		CD99236E2361EA6600D31E0E /* AppDelegate.swift */ = {isa = PBXFileReference; lastKnownFileType = sourcecode.swift; path = AppDelegate.swift; sourceTree = "<group>"; };
		CD9923702361EA6600D31E0E /* SceneDelegate.swift */ = {isa = PBXFileReference; lastKnownFileType = sourcecode.swift; path = SceneDelegate.swift; sourceTree = "<group>"; };
		CD9923722361EA6600D31E0E /* ViewController.swift */ = {isa = PBXFileReference; lastKnownFileType = sourcecode.swift; path = ViewController.swift; sourceTree = "<group>"; };
		CD9923752361EA6600D31E0E /* Base */ = {isa = PBXFileReference; lastKnownFileType = file.storyboard; name = Base; path = Base.lproj/Main.storyboard; sourceTree = "<group>"; };
		CD9923782361EA6600D31E0E /* totem.xcdatamodel */ = {isa = PBXFileReference; lastKnownFileType = wrapper.xcdatamodel; path = totem.xcdatamodel; sourceTree = "<group>"; };
		CD99237A2361EA6900D31E0E /* Assets.xcassets */ = {isa = PBXFileReference; lastKnownFileType = folder.assetcatalog; path = Assets.xcassets; sourceTree = "<group>"; };
		CD99237D2361EA6900D31E0E /* Base */ = {isa = PBXFileReference; lastKnownFileType = file.storyboard; name = Base; path = Base.lproj/LaunchScreen.storyboard; sourceTree = "<group>"; };
		CD99237F2361EA6900D31E0E /* Info.plist */ = {isa = PBXFileReference; lastKnownFileType = text.plist.xml; path = Info.plist; sourceTree = "<group>"; };
		CD9923842361EA6900D31E0E /* totemTests.xctest */ = {isa = PBXFileReference; explicitFileType = wrapper.cfbundle; includeInIndex = 0; path = totemTests.xctest; sourceTree = BUILT_PRODUCTS_DIR; };
		CD9923882361EA6900D31E0E /* totemTests.swift */ = {isa = PBXFileReference; lastKnownFileType = sourcecode.swift; path = totemTests.swift; sourceTree = "<group>"; };
		CD99238A2361EA6900D31E0E /* Info.plist */ = {isa = PBXFileReference; lastKnownFileType = text.plist.xml; path = Info.plist; sourceTree = "<group>"; };
		CD99238F2361EA6900D31E0E /* totemUITests.xctest */ = {isa = PBXFileReference; explicitFileType = wrapper.cfbundle; includeInIndex = 0; path = totemUITests.xctest; sourceTree = BUILT_PRODUCTS_DIR; };
		CD9923932361EA6900D31E0E /* totemUITests.swift */ = {isa = PBXFileReference; lastKnownFileType = sourcecode.swift; path = totemUITests.swift; sourceTree = "<group>"; };
		CD9923952361EA6900D31E0E /* Info.plist */ = {isa = PBXFileReference; lastKnownFileType = text.plist.xml; path = Info.plist; sourceTree = "<group>"; };
		CD9FDC542363218E00DD16C1 /* Mensagem.swift */ = {isa = PBXFileReference; fileEncoding = 4; lastKnownFileType = sourcecode.swift; path = Mensagem.swift; sourceTree = "<group>"; };
		CD9FDC562363218E00DD16C1 /* Usuario.swift */ = {isa = PBXFileReference; fileEncoding = 4; lastKnownFileType = sourcecode.swift; path = Usuario.swift; sourceTree = "<group>"; };
		CD9FDC572363218E00DD16C1 /* Model.swift */ = {isa = PBXFileReference; fileEncoding = 4; lastKnownFileType = sourcecode.swift; path = Model.swift; sourceTree = "<group>"; };
		CD9FDC582363218E00DD16C1 /* Totem.swift */ = {isa = PBXFileReference; fileEncoding = 4; lastKnownFileType = sourcecode.swift; path = Totem.swift; sourceTree = "<group>"; };
		CDE4D3E423631FD20049EBB3 /* GoogleService-Info.plist */ = {isa = PBXFileReference; lastKnownFileType = text.plist.xml; name = "GoogleService-Info.plist"; path = "../../../Downloads/GoogleService-Info.plist"; sourceTree = "<group>"; };
		CDE5BA852365E72100EC5D73 /* GravarViewController.swift */ = {isa = PBXFileReference; lastKnownFileType = sourcecode.swift; name = GravarViewController.swift; path = totem/Controller/GravarViewController.swift; sourceTree = SOURCE_ROOT; };
		E90C5224B3A41B5A10BAEEA7 /* Pods-totem-totemUITests.release.xcconfig */ = {isa = PBXFileReference; includeInIndex = 1; lastKnownFileType = text.xcconfig; name = "Pods-totem-totemUITests.release.xcconfig"; path = "Target Support Files/Pods-totem-totemUITests/Pods-totem-totemUITests.release.xcconfig"; sourceTree = "<group>"; };
/* End PBXFileReference section */

/* Begin PBXFrameworksBuildPhase section */
		CD9923682361EA6600D31E0E /* Frameworks */ = {
			isa = PBXFrameworksBuildPhase;
			buildActionMask = 2147483647;
			files = (
				7F5360CA12A38481DC31E451 /* Pods_totem.framework in Frameworks */,
			);
			runOnlyForDeploymentPostprocessing = 0;
		};
		CD9923812361EA6900D31E0E /* Frameworks */ = {
			isa = PBXFrameworksBuildPhase;
			buildActionMask = 2147483647;
			files = (
				78355AC43B5F000870EAFA39 /* Pods_totemTests.framework in Frameworks */,
			);
			runOnlyForDeploymentPostprocessing = 0;
		};
		CD99238C2361EA6900D31E0E /* Frameworks */ = {
			isa = PBXFrameworksBuildPhase;
			buildActionMask = 2147483647;
			files = (
				2A88686FF8061E5A18AEA62B /* Pods_totem_totemUITests.framework in Frameworks */,
			);
			runOnlyForDeploymentPostprocessing = 0;
		};
/* End PBXFrameworksBuildPhase section */

/* Begin PBXGroup section */
		1F6CEF89CF3267005A1E09E1 /* Frameworks */ = {
			isa = PBXGroup;
			children = (
				CDE4D3E423631FD20049EBB3 /* GoogleService-Info.plist */,
				29E8C8D14B8DFE638EF316FE /* Pods_totem.framework */,
				51D31FA5E68DB31C6F2CAC28 /* Pods_totem_totemUITests.framework */,
				C084831F8043CA45908100D4 /* Pods_totemTests.framework */,
			);
			name = Frameworks;
			sourceTree = "<group>";
		};
		3989F98323672DE100F3C070 /* View */ = {
			isa = PBXGroup;
			children = (
				CD9923742361EA6600D31E0E /* Main.storyboard */,
				CD99237A2361EA6900D31E0E /* Assets.xcassets */,
				CD99237C2361EA6900D31E0E /* LaunchScreen.storyboard */,
				CD8132772365F63100C05F77 /* OnBoard.storyboard */,
				CD922C2B2371A24C001A52D1 /* Contatos.storyboard */,
				1F908EFC23686C860006653A /* Colors.xcassets */,
				1FF5F23D2369D39F00624A33 /* OnboardCell.swift */,
			);
			path = View;
			sourceTree = "<group>";
		};
		3989F98423672DFF00F3C070 /* Controller */ = {
			isa = PBXGroup;
			children = (
				CD9923722361EA6600D31E0E /* ViewController.swift */,
				CDE5BA852365E72100EC5D73 /* GravarViewController.swift */,
				CD922C2F2371A346001A52D1 /* BottomSheetViewController.swift */,
				CD922C2D2371A2F4001A52D1 /* ContatosViewController.swift */,
				1FF5F23B2369C7F600624A33 /* OnboardController.swift */,
			);
			path = Controller;
			sourceTree = "<group>";
		};
		464BFC97D1DF4696AF51A695 /* Pods */ = {
			isa = PBXGroup;
			children = (
				6D7135A9C76226CE5B45EFC3 /* Pods-totem.debug.xcconfig */,
				CB54217A0FBAAC9A7AC445CA /* Pods-totem.release.xcconfig */,
				85F7A7990E55E9019EA09BA7 /* Pods-totem-totemUITests.debug.xcconfig */,
				E90C5224B3A41B5A10BAEEA7 /* Pods-totem-totemUITests.release.xcconfig */,
				6496FF24D3D7E57DE2B80836 /* Pods-totemTests.debug.xcconfig */,
				7CC54214A8AFFB4EBF7CC6B2 /* Pods-totemTests.release.xcconfig */,
			);
			path = Pods;
			sourceTree = "<group>";
		};
		CD9923622361EA6600D31E0E = {
			isa = PBXGroup;
			children = (
				CD99236D2361EA6600D31E0E /* totem */,
				CD9923872361EA6900D31E0E /* totemTests */,
				CD9923922361EA6900D31E0E /* totemUITests */,
				CD99236C2361EA6600D31E0E /* Products */,
				464BFC97D1DF4696AF51A695 /* Pods */,
				1F6CEF89CF3267005A1E09E1 /* Frameworks */,
			);
			sourceTree = "<group>";
		};
		CD99236C2361EA6600D31E0E /* Products */ = {
			isa = PBXGroup;
			children = (
				CD99236B2361EA6600D31E0E /* Totem.app */,
				CD9923842361EA6900D31E0E /* totemTests.xctest */,
				CD99238F2361EA6900D31E0E /* totemUITests.xctest */,
			);
			name = Products;
			sourceTree = "<group>";
		};
		CD99236D2361EA6600D31E0E /* totem */ = {
			isa = PBXGroup;
			children = (
				3989F98423672DFF00F3C070 /* Controller */,
				3989F98323672DE100F3C070 /* View */,
				CDE4D3E72363212D0049EBB3 /* Model */,
				CD99236E2361EA6600D31E0E /* AppDelegate.swift */,
				CD9923702361EA6600D31E0E /* SceneDelegate.swift */,
				3989F9812367291C00F3C070 /* GoogleService-Info.plist */,
				CD99237F2361EA6900D31E0E /* Info.plist */,
				CD9923772361EA6600D31E0E /* totem.xcdatamodeld */,
			);
			path = totem;
			sourceTree = "<group>";
		};
		CD9923872361EA6900D31E0E /* totemTests */ = {
			isa = PBXGroup;
			children = (
				CD9923882361EA6900D31E0E /* totemTests.swift */,
				CD99238A2361EA6900D31E0E /* Info.plist */,
			);
			path = totemTests;
			sourceTree = "<group>";
		};
		CD9923922361EA6900D31E0E /* totemUITests */ = {
			isa = PBXGroup;
			children = (
				CD9923932361EA6900D31E0E /* totemUITests.swift */,
				CD9923952361EA6900D31E0E /* Info.plist */,
			);
			path = totemUITests;
			sourceTree = "<group>";
		};
		CDE4D3E72363212D0049EBB3 /* Model */ = {
			isa = PBXGroup;
			children = (
				CD9FDC542363218E00DD16C1 /* Mensagem.swift */,
				CD9FDC572363218E00DD16C1 /* Model.swift */,
				CD9FDC582363218E00DD16C1 /* Totem.swift */,
				CD922C292371A15C001A52D1 /* Utils.swift */,
				CD9FDC562363218E00DD16C1 /* Usuario.swift */,
				CD81327923672A4D00C05F77 /* DAOFirebase.swift */,
				CD548AD5237459CA00CD63F2 /* ContatoDomain.swift */,
				CD27435A237700BC00B2D25B /* MensagemDomain.swift */,
			);
			path = Model;
			sourceTree = "<group>";
		};
/* End PBXGroup section */

/* Begin PBXNativeTarget section */
		CD99236A2361EA6600D31E0E /* totem */ = {
			isa = PBXNativeTarget;
			buildConfigurationList = CD9923982361EA6900D31E0E /* Build configuration list for PBXNativeTarget "totem" */;
			buildPhases = (
				AF1DD9D65A9AC4BEE28EE2AE /* [CP] Check Pods Manifest.lock */,
				CD9923672361EA6600D31E0E /* Sources */,
				CD9923682361EA6600D31E0E /* Frameworks */,
				CD9923692361EA6600D31E0E /* Resources */,
				8C4B8AD4D988C3E70C9487AE /* [CP] Embed Pods Frameworks */,
			);
			buildRules = (
			);
			dependencies = (
			);
			name = totem;
			productName = totem;
			productReference = CD99236B2361EA6600D31E0E /* Totem.app */;
			productType = "com.apple.product-type.application";
		};
		CD9923832361EA6900D31E0E /* totemTests */ = {
			isa = PBXNativeTarget;
			buildConfigurationList = CD99239B2361EA6900D31E0E /* Build configuration list for PBXNativeTarget "totemTests" */;
			buildPhases = (
				620667ADEBFB7D3008C4FEAA /* [CP] Check Pods Manifest.lock */,
				CD9923802361EA6900D31E0E /* Sources */,
				CD9923812361EA6900D31E0E /* Frameworks */,
				CD9923822361EA6900D31E0E /* Resources */,
			);
			buildRules = (
			);
			dependencies = (
				CD9923862361EA6900D31E0E /* PBXTargetDependency */,
			);
			name = totemTests;
			productName = totemTests;
			productReference = CD9923842361EA6900D31E0E /* totemTests.xctest */;
			productType = "com.apple.product-type.bundle.unit-test";
		};
		CD99238E2361EA6900D31E0E /* totemUITests */ = {
			isa = PBXNativeTarget;
			buildConfigurationList = CD99239E2361EA6900D31E0E /* Build configuration list for PBXNativeTarget "totemUITests" */;
			buildPhases = (
				AC860A4442A5B39E7DB4B78E /* [CP] Check Pods Manifest.lock */,
				CD99238B2361EA6900D31E0E /* Sources */,
				CD99238C2361EA6900D31E0E /* Frameworks */,
				CD99238D2361EA6900D31E0E /* Resources */,
				F0971CD69692EAAC587F828A /* [CP] Embed Pods Frameworks */,
			);
			buildRules = (
			);
			dependencies = (
				CD9923912361EA6900D31E0E /* PBXTargetDependency */,
			);
			name = totemUITests;
			productName = totemUITests;
			productReference = CD99238F2361EA6900D31E0E /* totemUITests.xctest */;
			productType = "com.apple.product-type.bundle.ui-testing";
		};
/* End PBXNativeTarget section */

/* Begin PBXProject section */
		CD9923632361EA6600D31E0E /* Project object */ = {
			isa = PBXProject;
			attributes = {
				LastSwiftUpdateCheck = 1110;
				LastUpgradeCheck = 1110;
				ORGANIZATIONNAME = "Mariana Beilune Abad";
				TargetAttributes = {
					CD99236A2361EA6600D31E0E = {
						CreatedOnToolsVersion = 11.1;
					};
					CD9923832361EA6900D31E0E = {
						CreatedOnToolsVersion = 11.1;
						TestTargetID = CD99236A2361EA6600D31E0E;
					};
					CD99238E2361EA6900D31E0E = {
						CreatedOnToolsVersion = 11.1;
						TestTargetID = CD99236A2361EA6600D31E0E;
					};
				};
			};
			buildConfigurationList = CD9923662361EA6600D31E0E /* Build configuration list for PBXProject "Totem" */;
			compatibilityVersion = "Xcode 9.3";
			developmentRegion = en;
			hasScannedForEncodings = 0;
			knownRegions = (
				en,
				Base,
			);
			mainGroup = CD9923622361EA6600D31E0E;
			productRefGroup = CD99236C2361EA6600D31E0E /* Products */;
			projectDirPath = "";
			projectRoot = "";
			targets = (
				CD99236A2361EA6600D31E0E /* totem */,
				CD9923832361EA6900D31E0E /* totemTests */,
				CD99238E2361EA6900D31E0E /* totemUITests */,
			);
		};
/* End PBXProject section */

/* Begin PBXResourcesBuildPhase section */
		CD9923692361EA6600D31E0E /* Resources */ = {
			isa = PBXResourcesBuildPhase;
			buildActionMask = 2147483647;
			files = (
				CD99237E2361EA6900D31E0E /* LaunchScreen.storyboard in Resources */,
				CD8132782365F63100C05F77 /* OnBoard.storyboard in Resources */,
				CD99237B2361EA6900D31E0E /* Assets.xcassets in Resources */,
				1F908EFD23686C860006653A /* Colors.xcassets in Resources */,
				CD9923762361EA6600D31E0E /* Main.storyboard in Resources */,
				3989F9822367291C00F3C070 /* GoogleService-Info.plist in Resources */,
				CD922C2C2371A24C001A52D1 /* Contatos.storyboard in Resources */,
			);
			runOnlyForDeploymentPostprocessing = 0;
		};
		CD9923822361EA6900D31E0E /* Resources */ = {
			isa = PBXResourcesBuildPhase;
			buildActionMask = 2147483647;
			files = (
			);
			runOnlyForDeploymentPostprocessing = 0;
		};
		CD99238D2361EA6900D31E0E /* Resources */ = {
			isa = PBXResourcesBuildPhase;
			buildActionMask = 2147483647;
			files = (
			);
			runOnlyForDeploymentPostprocessing = 0;
		};
/* End PBXResourcesBuildPhase section */

/* Begin PBXShellScriptBuildPhase section */
		620667ADEBFB7D3008C4FEAA /* [CP] Check Pods Manifest.lock */ = {
			isa = PBXShellScriptBuildPhase;
			buildActionMask = 2147483647;
			files = (
			);
			inputFileListPaths = (
			);
			inputPaths = (
				"${PODS_PODFILE_DIR_PATH}/Podfile.lock",
				"${PODS_ROOT}/Manifest.lock",
			);
			name = "[CP] Check Pods Manifest.lock";
			outputFileListPaths = (
			);
			outputPaths = (
				"$(DERIVED_FILE_DIR)/Pods-totemTests-checkManifestLockResult.txt",
			);
			runOnlyForDeploymentPostprocessing = 0;
			shellPath = /bin/sh;
			shellScript = "diff \"${PODS_PODFILE_DIR_PATH}/Podfile.lock\" \"${PODS_ROOT}/Manifest.lock\" > /dev/null\nif [ $? != 0 ] ; then\n    # print error to STDERR\n    echo \"error: The sandbox is not in sync with the Podfile.lock. Run 'pod install' or update your CocoaPods installation.\" >&2\n    exit 1\nfi\n# This output is used by Xcode 'outputs' to avoid re-running this script phase.\necho \"SUCCESS\" > \"${SCRIPT_OUTPUT_FILE_0}\"\n";
			showEnvVarsInLog = 0;
		};
		8C4B8AD4D988C3E70C9487AE /* [CP] Embed Pods Frameworks */ = {
			isa = PBXShellScriptBuildPhase;
			buildActionMask = 2147483647;
			files = (
			);
			inputFileListPaths = (
				"${PODS_ROOT}/Target Support Files/Pods-totem/Pods-totem-frameworks-${CONFIGURATION}-input-files.xcfilelist",
			);
			name = "[CP] Embed Pods Frameworks";
			outputFileListPaths = (
				"${PODS_ROOT}/Target Support Files/Pods-totem/Pods-totem-frameworks-${CONFIGURATION}-output-files.xcfilelist",
			);
			runOnlyForDeploymentPostprocessing = 0;
			shellPath = /bin/sh;
			shellScript = "\"${PODS_ROOT}/Target Support Files/Pods-totem/Pods-totem-frameworks.sh\"\n";
			showEnvVarsInLog = 0;
		};
		AC860A4442A5B39E7DB4B78E /* [CP] Check Pods Manifest.lock */ = {
			isa = PBXShellScriptBuildPhase;
			buildActionMask = 2147483647;
			files = (
			);
			inputFileListPaths = (
			);
			inputPaths = (
				"${PODS_PODFILE_DIR_PATH}/Podfile.lock",
				"${PODS_ROOT}/Manifest.lock",
			);
			name = "[CP] Check Pods Manifest.lock";
			outputFileListPaths = (
			);
			outputPaths = (
				"$(DERIVED_FILE_DIR)/Pods-totem-totemUITests-checkManifestLockResult.txt",
			);
			runOnlyForDeploymentPostprocessing = 0;
			shellPath = /bin/sh;
			shellScript = "diff \"${PODS_PODFILE_DIR_PATH}/Podfile.lock\" \"${PODS_ROOT}/Manifest.lock\" > /dev/null\nif [ $? != 0 ] ; then\n    # print error to STDERR\n    echo \"error: The sandbox is not in sync with the Podfile.lock. Run 'pod install' or update your CocoaPods installation.\" >&2\n    exit 1\nfi\n# This output is used by Xcode 'outputs' to avoid re-running this script phase.\necho \"SUCCESS\" > \"${SCRIPT_OUTPUT_FILE_0}\"\n";
			showEnvVarsInLog = 0;
		};
		AF1DD9D65A9AC4BEE28EE2AE /* [CP] Check Pods Manifest.lock */ = {
			isa = PBXShellScriptBuildPhase;
			buildActionMask = 2147483647;
			files = (
			);
			inputFileListPaths = (
			);
			inputPaths = (
				"${PODS_PODFILE_DIR_PATH}/Podfile.lock",
				"${PODS_ROOT}/Manifest.lock",
			);
			name = "[CP] Check Pods Manifest.lock";
			outputFileListPaths = (
			);
			outputPaths = (
				"$(DERIVED_FILE_DIR)/Pods-totem-checkManifestLockResult.txt",
			);
			runOnlyForDeploymentPostprocessing = 0;
			shellPath = /bin/sh;
			shellScript = "diff \"${PODS_PODFILE_DIR_PATH}/Podfile.lock\" \"${PODS_ROOT}/Manifest.lock\" > /dev/null\nif [ $? != 0 ] ; then\n    # print error to STDERR\n    echo \"error: The sandbox is not in sync with the Podfile.lock. Run 'pod install' or update your CocoaPods installation.\" >&2\n    exit 1\nfi\n# This output is used by Xcode 'outputs' to avoid re-running this script phase.\necho \"SUCCESS\" > \"${SCRIPT_OUTPUT_FILE_0}\"\n";
			showEnvVarsInLog = 0;
		};
		F0971CD69692EAAC587F828A /* [CP] Embed Pods Frameworks */ = {
			isa = PBXShellScriptBuildPhase;
			buildActionMask = 2147483647;
			files = (
			);
			inputFileListPaths = (
				"${PODS_ROOT}/Target Support Files/Pods-totem-totemUITests/Pods-totem-totemUITests-frameworks-${CONFIGURATION}-input-files.xcfilelist",
			);
			name = "[CP] Embed Pods Frameworks";
			outputFileListPaths = (
				"${PODS_ROOT}/Target Support Files/Pods-totem-totemUITests/Pods-totem-totemUITests-frameworks-${CONFIGURATION}-output-files.xcfilelist",
			);
			runOnlyForDeploymentPostprocessing = 0;
			shellPath = /bin/sh;
			shellScript = "\"${PODS_ROOT}/Target Support Files/Pods-totem-totemUITests/Pods-totem-totemUITests-frameworks.sh\"\n";
			showEnvVarsInLog = 0;
		};
/* End PBXShellScriptBuildPhase section */

/* Begin PBXSourcesBuildPhase section */
		CD9923672361EA6600D31E0E /* Sources */ = {
			isa = PBXSourcesBuildPhase;
			buildActionMask = 2147483647;
			files = (
				1FF5F23C2369C7F600624A33 /* OnboardController.swift in Sources */,
				CD27435B237700BC00B2D25B /* MensagemDomain.swift in Sources */,
				CD922C2E2371A2F4001A52D1 /* ContatosViewController.swift in Sources */,
				CD9FDC592363218E00DD16C1 /* Mensagem.swift in Sources */,
				CD81327A23672A4D00C05F77 /* DAOFirebase.swift in Sources */,
				CD9FDC5B2363218E00DD16C1 /* Usuario.swift in Sources */,
				CDE5BA862365E72100EC5D73 /* GravarViewController.swift in Sources */,
				CD922C2A2371A15C001A52D1 /* Utils.swift in Sources */,
				CD9923732361EA6600D31E0E /* ViewController.swift in Sources */,
				CD99236F2361EA6600D31E0E /* AppDelegate.swift in Sources */,
				CD9923712361EA6600D31E0E /* SceneDelegate.swift in Sources */,
				CD9923792361EA6600D31E0E /* totem.xcdatamodeld in Sources */,
				1FF5F23E2369D39F00624A33 /* OnboardCell.swift in Sources */,
				CD9FDC5C2363218E00DD16C1 /* Model.swift in Sources */,
				CD922C302371A346001A52D1 /* BottomSheetViewController.swift in Sources */,
				CD548AD6237459CA00CD63F2 /* ContatoDomain.swift in Sources */,
				CD9FDC5D2363218E00DD16C1 /* Totem.swift in Sources */,
			);
			runOnlyForDeploymentPostprocessing = 0;
		};
		CD9923802361EA6900D31E0E /* Sources */ = {
			isa = PBXSourcesBuildPhase;
			buildActionMask = 2147483647;
			files = (
				CD9923892361EA6900D31E0E /* totemTests.swift in Sources */,
			);
			runOnlyForDeploymentPostprocessing = 0;
		};
		CD99238B2361EA6900D31E0E /* Sources */ = {
			isa = PBXSourcesBuildPhase;
			buildActionMask = 2147483647;
			files = (
				CD9923942361EA6900D31E0E /* totemUITests.swift in Sources */,
			);
			runOnlyForDeploymentPostprocessing = 0;
		};
/* End PBXSourcesBuildPhase section */

/* Begin PBXTargetDependency section */
		CD9923862361EA6900D31E0E /* PBXTargetDependency */ = {
			isa = PBXTargetDependency;
			target = CD99236A2361EA6600D31E0E /* totem */;
			targetProxy = CD9923852361EA6900D31E0E /* PBXContainerItemProxy */;
		};
		CD9923912361EA6900D31E0E /* PBXTargetDependency */ = {
			isa = PBXTargetDependency;
			target = CD99236A2361EA6600D31E0E /* totem */;
			targetProxy = CD9923902361EA6900D31E0E /* PBXContainerItemProxy */;
		};
/* End PBXTargetDependency section */

/* Begin PBXVariantGroup section */
		CD9923742361EA6600D31E0E /* Main.storyboard */ = {
			isa = PBXVariantGroup;
			children = (
				CD9923752361EA6600D31E0E /* Base */,
			);
			name = Main.storyboard;
			sourceTree = "<group>";
		};
		CD99237C2361EA6900D31E0E /* LaunchScreen.storyboard */ = {
			isa = PBXVariantGroup;
			children = (
				CD99237D2361EA6900D31E0E /* Base */,
			);
			name = LaunchScreen.storyboard;
			sourceTree = "<group>";
		};
/* End PBXVariantGroup section */

/* Begin XCBuildConfiguration section */
		CD9923962361EA6900D31E0E /* Debug */ = {
			isa = XCBuildConfiguration;
			buildSettings = {
				ALWAYS_SEARCH_USER_PATHS = NO;
				CLANG_ANALYZER_NONNULL = YES;
				CLANG_ANALYZER_NUMBER_OBJECT_CONVERSION = YES_AGGRESSIVE;
				CLANG_CXX_LANGUAGE_STANDARD = "gnu++14";
				CLANG_CXX_LIBRARY = "libc++";
				CLANG_ENABLE_MODULES = YES;
				CLANG_ENABLE_OBJC_ARC = YES;
				CLANG_ENABLE_OBJC_WEAK = YES;
				CLANG_WARN_BLOCK_CAPTURE_AUTORELEASING = YES;
				CLANG_WARN_BOOL_CONVERSION = YES;
				CLANG_WARN_COMMA = YES;
				CLANG_WARN_CONSTANT_CONVERSION = YES;
				CLANG_WARN_DEPRECATED_OBJC_IMPLEMENTATIONS = YES;
				CLANG_WARN_DIRECT_OBJC_ISA_USAGE = YES_ERROR;
				CLANG_WARN_DOCUMENTATION_COMMENTS = YES;
				CLANG_WARN_EMPTY_BODY = YES;
				CLANG_WARN_ENUM_CONVERSION = YES;
				CLANG_WARN_INFINITE_RECURSION = YES;
				CLANG_WARN_INT_CONVERSION = YES;
				CLANG_WARN_NON_LITERAL_NULL_CONVERSION = YES;
				CLANG_WARN_OBJC_IMPLICIT_RETAIN_SELF = YES;
				CLANG_WARN_OBJC_LITERAL_CONVERSION = YES;
				CLANG_WARN_OBJC_ROOT_CLASS = YES_ERROR;
				CLANG_WARN_RANGE_LOOP_ANALYSIS = YES;
				CLANG_WARN_STRICT_PROTOTYPES = YES;
				CLANG_WARN_SUSPICIOUS_MOVE = YES;
				CLANG_WARN_UNGUARDED_AVAILABILITY = YES_AGGRESSIVE;
				CLANG_WARN_UNREACHABLE_CODE = YES;
				CLANG_WARN__DUPLICATE_METHOD_MATCH = YES;
				COPY_PHASE_STRIP = NO;
				DEBUG_INFORMATION_FORMAT = dwarf;
				ENABLE_STRICT_OBJC_MSGSEND = YES;
				ENABLE_TESTABILITY = YES;
				GCC_C_LANGUAGE_STANDARD = gnu11;
				GCC_DYNAMIC_NO_PIC = NO;
				GCC_NO_COMMON_BLOCKS = YES;
				GCC_OPTIMIZATION_LEVEL = 0;
				GCC_PREPROCESSOR_DEFINITIONS = (
					"DEBUG=1",
					"$(inherited)",
				);
				GCC_WARN_64_TO_32_BIT_CONVERSION = YES;
				GCC_WARN_ABOUT_RETURN_TYPE = YES_ERROR;
				GCC_WARN_UNDECLARED_SELECTOR = YES;
				GCC_WARN_UNINITIALIZED_AUTOS = YES_AGGRESSIVE;
				GCC_WARN_UNUSED_FUNCTION = YES;
				GCC_WARN_UNUSED_VARIABLE = YES;
				IPHONEOS_DEPLOYMENT_TARGET = 13.1;
				MTL_ENABLE_DEBUG_INFO = INCLUDE_SOURCE;
				MTL_FAST_MATH = YES;
				ONLY_ACTIVE_ARCH = YES;
				SDKROOT = iphoneos;
				SWIFT_ACTIVE_COMPILATION_CONDITIONS = DEBUG;
				SWIFT_OPTIMIZATION_LEVEL = "-Onone";
			};
			name = Debug;
		};
		CD9923972361EA6900D31E0E /* Release */ = {
			isa = XCBuildConfiguration;
			buildSettings = {
				ALWAYS_SEARCH_USER_PATHS = NO;
				CLANG_ANALYZER_NONNULL = YES;
				CLANG_ANALYZER_NUMBER_OBJECT_CONVERSION = YES_AGGRESSIVE;
				CLANG_CXX_LANGUAGE_STANDARD = "gnu++14";
				CLANG_CXX_LIBRARY = "libc++";
				CLANG_ENABLE_MODULES = YES;
				CLANG_ENABLE_OBJC_ARC = YES;
				CLANG_ENABLE_OBJC_WEAK = YES;
				CLANG_WARN_BLOCK_CAPTURE_AUTORELEASING = YES;
				CLANG_WARN_BOOL_CONVERSION = YES;
				CLANG_WARN_COMMA = YES;
				CLANG_WARN_CONSTANT_CONVERSION = YES;
				CLANG_WARN_DEPRECATED_OBJC_IMPLEMENTATIONS = YES;
				CLANG_WARN_DIRECT_OBJC_ISA_USAGE = YES_ERROR;
				CLANG_WARN_DOCUMENTATION_COMMENTS = YES;
				CLANG_WARN_EMPTY_BODY = YES;
				CLANG_WARN_ENUM_CONVERSION = YES;
				CLANG_WARN_INFINITE_RECURSION = YES;
				CLANG_WARN_INT_CONVERSION = YES;
				CLANG_WARN_NON_LITERAL_NULL_CONVERSION = YES;
				CLANG_WARN_OBJC_IMPLICIT_RETAIN_SELF = YES;
				CLANG_WARN_OBJC_LITERAL_CONVERSION = YES;
				CLANG_WARN_OBJC_ROOT_CLASS = YES_ERROR;
				CLANG_WARN_RANGE_LOOP_ANALYSIS = YES;
				CLANG_WARN_STRICT_PROTOTYPES = YES;
				CLANG_WARN_SUSPICIOUS_MOVE = YES;
				CLANG_WARN_UNGUARDED_AVAILABILITY = YES_AGGRESSIVE;
				CLANG_WARN_UNREACHABLE_CODE = YES;
				CLANG_WARN__DUPLICATE_METHOD_MATCH = YES;
				COPY_PHASE_STRIP = NO;
				DEBUG_INFORMATION_FORMAT = "dwarf-with-dsym";
				ENABLE_NS_ASSERTIONS = NO;
				ENABLE_STRICT_OBJC_MSGSEND = YES;
				GCC_C_LANGUAGE_STANDARD = gnu11;
				GCC_NO_COMMON_BLOCKS = YES;
				GCC_WARN_64_TO_32_BIT_CONVERSION = YES;
				GCC_WARN_ABOUT_RETURN_TYPE = YES_ERROR;
				GCC_WARN_UNDECLARED_SELECTOR = YES;
				GCC_WARN_UNINITIALIZED_AUTOS = YES_AGGRESSIVE;
				GCC_WARN_UNUSED_FUNCTION = YES;
				GCC_WARN_UNUSED_VARIABLE = YES;
				IPHONEOS_DEPLOYMENT_TARGET = 13.1;
				MTL_ENABLE_DEBUG_INFO = NO;
				MTL_FAST_MATH = YES;
				SDKROOT = iphoneos;
				SWIFT_COMPILATION_MODE = wholemodule;
				SWIFT_OPTIMIZATION_LEVEL = "-O";
				VALIDATE_PRODUCT = YES;
			};
			name = Release;
		};
		CD9923992361EA6900D31E0E /* Debug */ = {
			isa = XCBuildConfiguration;
			baseConfigurationReference = 6D7135A9C76226CE5B45EFC3 /* Pods-totem.debug.xcconfig */;
			buildSettings = {
				ASSETCATALOG_COMPILER_APPICON_NAME = AppIcon;
				CODE_SIGN_STYLE = Automatic;
				DEVELOPMENT_TEAM = ADP5XER6GT;
				INFOPLIST_FILE = totem/Info.plist;
				LD_RUNPATH_SEARCH_PATHS = (
					"$(inherited)",
					"@executable_path/Frameworks",
				);
				PRODUCT_BUNDLE_IDENTIFIER = com.mariabad.totem;
				PRODUCT_NAME = Totem;
				SWIFT_VERSION = 5.0;
				TARGETED_DEVICE_FAMILY = "1,2";
			};
			name = Debug;
		};
		CD99239A2361EA6900D31E0E /* Release */ = {
			isa = XCBuildConfiguration;
			baseConfigurationReference = CB54217A0FBAAC9A7AC445CA /* Pods-totem.release.xcconfig */;
			buildSettings = {
				ASSETCATALOG_COMPILER_APPICON_NAME = AppIcon;
				CODE_SIGN_STYLE = Automatic;
				DEVELOPMENT_TEAM = ADP5XER6GT;
				INFOPLIST_FILE = totem/Info.plist;
				LD_RUNPATH_SEARCH_PATHS = (
					"$(inherited)",
					"@executable_path/Frameworks",
				);
				PRODUCT_BUNDLE_IDENTIFIER = com.mariabad.totem;
				PRODUCT_NAME = Totem;
				SWIFT_VERSION = 5.0;
				TARGETED_DEVICE_FAMILY = "1,2";
			};
			name = Release;
		};
		CD99239C2361EA6900D31E0E /* Debug */ = {
			isa = XCBuildConfiguration;
			baseConfigurationReference = 6496FF24D3D7E57DE2B80836 /* Pods-totemTests.debug.xcconfig */;
			buildSettings = {
				ALWAYS_EMBED_SWIFT_STANDARD_LIBRARIES = YES;
				BUNDLE_LOADER = "$(TEST_HOST)";
				CODE_SIGN_STYLE = Automatic;
				DEVELOPMENT_TEAM = ADP5XER6GT;
				INFOPLIST_FILE = totemTests/Info.plist;
				IPHONEOS_DEPLOYMENT_TARGET = 13.1;
				LD_RUNPATH_SEARCH_PATHS = (
					"$(inherited)",
					"@executable_path/Frameworks",
					"@loader_path/Frameworks",
				);
				PRODUCT_BUNDLE_IDENTIFIER = com.mariabad.totemTests;
				PRODUCT_NAME = "$(TARGET_NAME)";
				SWIFT_VERSION = 5.0;
				TARGETED_DEVICE_FAMILY = "1,2";
				TEST_HOST = "$(BUILT_PRODUCTS_DIR)/totem.app/totem";
			};
			name = Debug;
		};
		CD99239D2361EA6900D31E0E /* Release */ = {
			isa = XCBuildConfiguration;
			baseConfigurationReference = 7CC54214A8AFFB4EBF7CC6B2 /* Pods-totemTests.release.xcconfig */;
			buildSettings = {
				ALWAYS_EMBED_SWIFT_STANDARD_LIBRARIES = YES;
				BUNDLE_LOADER = "$(TEST_HOST)";
				CODE_SIGN_STYLE = Automatic;
				DEVELOPMENT_TEAM = ADP5XER6GT;
				INFOPLIST_FILE = totemTests/Info.plist;
				IPHONEOS_DEPLOYMENT_TARGET = 13.1;
				LD_RUNPATH_SEARCH_PATHS = (
					"$(inherited)",
					"@executable_path/Frameworks",
					"@loader_path/Frameworks",
				);
				PRODUCT_BUNDLE_IDENTIFIER = com.mariabad.totemTests;
				PRODUCT_NAME = "$(TARGET_NAME)";
				SWIFT_VERSION = 5.0;
				TARGETED_DEVICE_FAMILY = "1,2";
				TEST_HOST = "$(BUILT_PRODUCTS_DIR)/totem.app/totem";
			};
			name = Release;
		};
		CD99239F2361EA6900D31E0E /* Debug */ = {
			isa = XCBuildConfiguration;
			baseConfigurationReference = 85F7A7990E55E9019EA09BA7 /* Pods-totem-totemUITests.debug.xcconfig */;
			buildSettings = {
				ALWAYS_EMBED_SWIFT_STANDARD_LIBRARIES = YES;
				CODE_SIGN_STYLE = Automatic;
				DEVELOPMENT_TEAM = ADP5XER6GT;
				INFOPLIST_FILE = totemUITests/Info.plist;
				LD_RUNPATH_SEARCH_PATHS = (
					"$(inherited)",
					"@executable_path/Frameworks",
					"@loader_path/Frameworks",
				);
				PRODUCT_BUNDLE_IDENTIFIER = com.mariabad.totemUITests;
				PRODUCT_NAME = "$(TARGET_NAME)";
				SWIFT_VERSION = 5.0;
				TARGETED_DEVICE_FAMILY = "1,2";
				TEST_TARGET_NAME = totem;
			};
			name = Debug;
		};
		CD9923A02361EA6900D31E0E /* Release */ = {
			isa = XCBuildConfiguration;
			baseConfigurationReference = E90C5224B3A41B5A10BAEEA7 /* Pods-totem-totemUITests.release.xcconfig */;
			buildSettings = {
				ALWAYS_EMBED_SWIFT_STANDARD_LIBRARIES = YES;
				CODE_SIGN_STYLE = Automatic;
				DEVELOPMENT_TEAM = ADP5XER6GT;
				INFOPLIST_FILE = totemUITests/Info.plist;
				LD_RUNPATH_SEARCH_PATHS = (
					"$(inherited)",
					"@executable_path/Frameworks",
					"@loader_path/Frameworks",
				);
				PRODUCT_BUNDLE_IDENTIFIER = com.mariabad.totemUITests;
				PRODUCT_NAME = "$(TARGET_NAME)";
				SWIFT_VERSION = 5.0;
				TARGETED_DEVICE_FAMILY = "1,2";
				TEST_TARGET_NAME = totem;
			};
			name = Release;
		};
/* End XCBuildConfiguration section */

/* Begin XCConfigurationList section */
		CD9923662361EA6600D31E0E /* Build configuration list for PBXProject "Totem" */ = {
			isa = XCConfigurationList;
			buildConfigurations = (
				CD9923962361EA6900D31E0E /* Debug */,
				CD9923972361EA6900D31E0E /* Release */,
			);
			defaultConfigurationIsVisible = 0;
			defaultConfigurationName = Release;
		};
		CD9923982361EA6900D31E0E /* Build configuration list for PBXNativeTarget "totem" */ = {
			isa = XCConfigurationList;
			buildConfigurations = (
				CD9923992361EA6900D31E0E /* Debug */,
				CD99239A2361EA6900D31E0E /* Release */,
			);
			defaultConfigurationIsVisible = 0;
			defaultConfigurationName = Release;
		};
		CD99239B2361EA6900D31E0E /* Build configuration list for PBXNativeTarget "totemTests" */ = {
			isa = XCConfigurationList;
			buildConfigurations = (
				CD99239C2361EA6900D31E0E /* Debug */,
				CD99239D2361EA6900D31E0E /* Release */,
			);
			defaultConfigurationIsVisible = 0;
			defaultConfigurationName = Release;
		};
		CD99239E2361EA6900D31E0E /* Build configuration list for PBXNativeTarget "totemUITests" */ = {
			isa = XCConfigurationList;
			buildConfigurations = (
				CD99239F2361EA6900D31E0E /* Debug */,
				CD9923A02361EA6900D31E0E /* Release */,
			);
			defaultConfigurationIsVisible = 0;
			defaultConfigurationName = Release;
		};
/* End XCConfigurationList section */

/* Begin XCVersionGroup section */
		CD9923772361EA6600D31E0E /* totem.xcdatamodeld */ = {
			isa = XCVersionGroup;
			children = (
				CD9923782361EA6600D31E0E /* totem.xcdatamodel */,
			);
			currentVersion = CD9923782361EA6600D31E0E /* totem.xcdatamodel */;
			path = totem.xcdatamodeld;
			sourceTree = "<group>";
			versionGroupType = wrapper.xcdatamodel;
		};
/* End XCVersionGroup section */
	};
	rootObject = CD9923632361EA6600D31E0E /* Project object */;
}
